
Microsoft Visual Studio Solution File, Format Version 12.00
# Visual Studio Version 17
VisualStudioVersion = 17.0.32014.148
MinimumVisualStudioVersion = 10.0.40219.1
Project("{FAE04EC0-301F-11D3-BF4B-00C04F79EFBC}") = "api", "api\api.csproj", "{FE515BFF-A721-4983-B40F-A996EEDADC17}"
EndProject
Global
	GlobalSection(SolutionConfigurationPlatforms) = preSolution
		Debug|Any CPU = Debug|Any CPU
		Release|Any CPU = Release|Any CPU
	EndGlobalSection
	GlobalSection(ProjectConfigurationPlatforms) = postSolution
		{FE515BFF-A721-4983-B40F-A996EEDADC17}.Debug|Any CPU.ActiveCfg = Debug|Any CPU
		{FE515BFF-A721-4983-B40F-A996EEDADC17}.Debug|Any CPU.Build.0 = Debug|Any CPU
		{FE515BFF-A721-4983-B40F-A996EEDADC17}.Release|Any CPU.ActiveCfg = Release|Any CPU
		{FE515BFF-A721-4983-B40F-A996EEDADC17}.Release|Any CPU.Build.0 = Release|Any CPU
	EndGlobalSection
	GlobalSection(SolutionProperties) = preSolution
		HideSolutionNode = FALSE
	EndGlobalSection
	GlobalSection(ExtensibilityGlobals) = postSolution
		SolutionGuid = {8D02E165-F96D-4BBE-AC38-F44D111CE95E}
	EndGlobalSection
EndGlobal
